// !$*UTF8*$!
{
	archiveVersion = 1;
	classes = {
	};
	objectVersion = 55;
	objects = {

/* Begin PBXBuildFile section */
		920EB99E2889FF2400CD0FE7 /* SearchViewController.swift in Sources */ = {isa = PBXBuildFile; fileRef = 920EB99D2889FF2400CD0FE7 /* SearchViewController.swift */; };
		9257092128874F2B007A2D52 /* AppDelegate.swift in Sources */ = {isa = PBXBuildFile; fileRef = 9257092028874F2B007A2D52 /* AppDelegate.swift */; };
		9257092328874F2B007A2D52 /* SceneDelegate.swift in Sources */ = {isa = PBXBuildFile; fileRef = 9257092228874F2B007A2D52 /* SceneDelegate.swift */; };
		9257092528874F2B007A2D52 /* ViewController.swift in Sources */ = {isa = PBXBuildFile; fileRef = 9257092428874F2B007A2D52 /* ViewController.swift */; };
		9257092828874F2B007A2D52 /* Main.storyboard in Resources */ = {isa = PBXBuildFile; fileRef = 9257092628874F2B007A2D52 /* Main.storyboard */; };
		9257092B28874F2B007A2D52 /* Clean_Clothing.xcdatamodeld in Sources */ = {isa = PBXBuildFile; fileRef = 9257092928874F2B007A2D52 /* Clean_Clothing.xcdatamodeld */; };
		9257092D28874F2D007A2D52 /* Assets.xcassets in Resources */ = {isa = PBXBuildFile; fileRef = 9257092C28874F2D007A2D52 /* Assets.xcassets */; };
		9257093028874F2D007A2D52 /* LaunchScreen.storyboard in Resources */ = {isa = PBXBuildFile; fileRef = 9257092E28874F2D007A2D52 /* LaunchScreen.storyboard */; };
/* End PBXBuildFile section */

/* Begin PBXFileReference section */
		920EB99D2889FF2400CD0FE7 /* SearchViewController.swift */ = {isa = PBXFileReference; lastKnownFileType = sourcecode.swift; path = SearchViewController.swift; sourceTree = "<group>"; };
		9257091D28874F2B007A2D52 /* Clean Clothing.app */ = {isa = PBXFileReference; explicitFileType = wrapper.application; includeInIndex = 0; path = "Clean Clothing.app"; sourceTree = BUILT_PRODUCTS_DIR; };
		9257092028874F2B007A2D52 /* AppDelegate.swift */ = {isa = PBXFileReference; lastKnownFileType = sourcecode.swift; path = AppDelegate.swift; sourceTree = "<group>"; };
		9257092228874F2B007A2D52 /* SceneDelegate.swift */ = {isa = PBXFileReference; lastKnownFileType = sourcecode.swift; path = SceneDelegate.swift; sourceTree = "<group>"; };
		9257092428874F2B007A2D52 /* ViewController.swift */ = {isa = PBXFileReference; lastKnownFileType = sourcecode.swift; path = ViewController.swift; sourceTree = "<group>"; };
		9257092728874F2B007A2D52 /* Base */ = {isa = PBXFileReference; lastKnownFileType = file.storyboard; name = Base; path = Base.lproj/Main.storyboard; sourceTree = "<group>"; };
		9257092A28874F2B007A2D52 /* Clean_Clothing.xcdatamodel */ = {isa = PBXFileReference; lastKnownFileType = wrapper.xcdatamodel; path = Clean_Clothing.xcdatamodel; sourceTree = "<group>"; };
		9257092C28874F2D007A2D52 /* Assets.xcassets */ = {isa = PBXFileReference; lastKnownFileType = folder.assetcatalog; path = Assets.xcassets; sourceTree = "<group>"; };
		9257092F28874F2D007A2D52 /* Base */ = {isa = PBXFileReference; lastKnownFileType = file.storyboard; name = Base; path = Base.lproj/LaunchScreen.storyboard; sourceTree = "<group>"; };
		9257093128874F2D007A2D52 /* Info.plist */ = {isa = PBXFileReference; lastKnownFileType = text.plist.xml; path = Info.plist; sourceTree = "<group>"; };
/* End PBXFileReference section */

/* Begin PBXFrameworksBuildPhase section */
		9257091A28874F2B007A2D52 /* Frameworks */ = {
			isa = PBXFrameworksBuildPhase;
			buildActionMask = 2147483647;
			files = (
			);
			runOnlyForDeploymentPostprocessing = 0;
		};
/* End PBXFrameworksBuildPhase section */

/* Begin PBXGroup section */
		9257091428874F2B007A2D52 = {
			isa = PBXGroup;
			children = (
				9257091F28874F2B007A2D52 /* Clean Clothing */,
				9257091E28874F2B007A2D52 /* Products */,
			);
			sourceTree = "<group>";
		};
		9257091E28874F2B007A2D52 /* Products */ = {
			isa = PBXGroup;
			children = (
				9257091D28874F2B007A2D52 /* Clean Clothing.app */,
			);
			name = Products;
			sourceTree = "<group>";
		};
		9257091F28874F2B007A2D52 /* Clean Clothing */ = {
			isa = PBXGroup;
			children = (
				9257092028874F2B007A2D52 /* AppDelegate.swift */,
				9257092228874F2B007A2D52 /* SceneDelegate.swift */,
				9257092428874F2B007A2D52 /* ViewController.swift */,
				9257092628874F2B007A2D52 /* Main.storyboard */,
				920EB99D2889FF2400CD0FE7 /* SearchViewController.swift */,
				9257092C28874F2D007A2D52 /* Assets.xcassets */,
				9257092E28874F2D007A2D52 /* LaunchScreen.storyboard */,
				9257093128874F2D007A2D52 /* Info.plist */,
				9257092928874F2B007A2D52 /* Clean_Clothing.xcdatamodeld */,
			);
			path = "Clean Clothing";
			sourceTree = "<group>";
		};
/* End PBXGroup section */

/* Begin PBXNativeTarget section */
		9257091C28874F2B007A2D52 /* Clean Clothing */ = {
			isa = PBXNativeTarget;
			buildConfigurationList = 9257093428874F2D007A2D52 /* Build configuration list for PBXNativeTarget "Clean Clothing" */;
			buildPhases = (
				9257091928874F2B007A2D52 /* Sources */,
				9257091A28874F2B007A2D52 /* Frameworks */,
				9257091B28874F2B007A2D52 /* Resources */,
			);
			buildRules = (
			);
			dependencies = (
			);
			name = "Clean Clothing";
			productName = "Clean Clothing";
			productReference = 9257091D28874F2B007A2D52 /* Clean Clothing.app */;
			productType = "com.apple.product-type.application";
		};
/* End PBXNativeTarget section */

/* Begin PBXProject section */
		9257091528874F2B007A2D52 /* Project object */ = {
			isa = PBXProject;
			attributes = {
				BuildIndependentTargetsInParallel = 1;
				LastSwiftUpdateCheck = 1340;
				LastUpgradeCheck = 1340;
				TargetAttributes = {
					9257091C28874F2B007A2D52 = {
						CreatedOnToolsVersion = 13.4.1;
					};
				};
			};
			buildConfigurationList = 9257091828874F2B007A2D52 /* Build configuration list for PBXProject "Clean Clothing" */;
			compatibilityVersion = "Xcode 13.0";
			developmentRegion = en;
			hasScannedForEncodings = 0;
			knownRegions = (
				en,
				Base,
			);
			mainGroup = 9257091428874F2B007A2D52;
			productRefGroup = 9257091E28874F2B007A2D52 /* Products */;
			projectDirPath = "";
			projectRoot = "";
			targets = (
				9257091C28874F2B007A2D52 /* Clean Clothing */,
			);
		};
/* End PBXProject section */

/* Begin PBXResourcesBuildPhase section */
		9257091B28874F2B007A2D52 /* Resources */ = {
			isa = PBXResourcesBuildPhase;
			buildActionMask = 2147483647;
			files = (
				9257093028874F2D007A2D52 /* LaunchScreen.storyboard in Resources */,
				9257092D28874F2D007A2D52 /* Assets.xcassets in Resources */,
				9257092828874F2B007A2D52 /* Main.storyboard in Resources */,
			);
			runOnlyForDeploymentPostprocessing = 0;
		};
/* End PBXResourcesBuildPhase section */

/* Begin PBXSourcesBuildPhase section */
		9257091928874F2B007A2D52 /* Sources */ = {
			isa = PBXSourcesBuildPhase;
			buildActionMask = 2147483647;
			files = (
				920EB99E2889FF2400CD0FE7 /* SearchViewController.swift in Sources */,
				9257092528874F2B007A2D52 /* ViewController.swift in Sources */,
				9257092B28874F2B007A2D52 /* Clean_Clothing.xcdatamodeld in Sources */,
				9257092128874F2B007A2D52 /* AppDelegate.swift in Sources */,
				9257092328874F2B007A2D52 /* SceneDelegate.swift in Sources */,
			);
			runOnlyForDeploymentPostprocessing = 0;
		};
/* End PBXSourcesBuildPhase section */

/* Begin PBXVariantGroup section */
		9257092628874F2B007A2D52 /* Main.storyboard */ = {
			isa = PBXVariantGroup;
			children = (
				9257092728874F2B007A2D52 /* Base */,
			);
			name = Main.storyboard;
			sourceTree = "<group>";
		};
		9257092E28874F2D007A2D52 /* LaunchScreen.storyboard */ = {
			isa = PBXVariantGroup;
			children = (
				9257092F28874F2D007A2D52 /* Base */,
			);
			name = LaunchScreen.storyboard;
			sourceTree = "<group>";
		};
/* End PBXVariantGroup section */

/* Begin XCBuildConfiguration section */
		9257093228874F2D007A2D52 /* Debug */ = {
			isa = XCBuildConfiguration;
			buildSettings = {
				ALWAYS_SEARCH_USER_PATHS = NO;
				CLANG_ANALYZER_NONNULL = YES;
				CLANG_ANALYZER_NUMBER_OBJECT_CONVERSION = YES_AGGRESSIVE;
				CLANG_CXX_LANGUAGE_STANDARD = "gnu++17";
				CLANG_ENABLE_MODULES = YES;
				CLANG_ENABLE_OBJC_ARC = YES;
				CLANG_ENABLE_OBJC_WEAK = YES;
				CLANG_WARN_BLOCK_CAPTURE_AUTORELEASING = YES;
				CLANG_WARN_BOOL_CONVERSION = YES;
				CLANG_WARN_COMMA = YES;
				CLANG_WARN_CONSTANT_CONVERSION = YES;
				CLANG_WARN_DEPRECATED_OBJC_IMPLEMENTATIONS = YES;
				CLANG_WARN_DIRECT_OBJC_ISA_USAGE = YES_ERROR;
				CLANG_WARN_DOCUMENTATION_COMMENTS = YES;
				CLANG_WARN_EMPTY_BODY = YES;
				CLANG_WARN_ENUM_CONVERSION = YES;
				CLANG_WARN_INFINITE_RECURSION = YES;
				CLANG_WARN_INT_CONVERSION = YES;
				CLANG_WARN_NON_LITERAL_NULL_CONVERSION = YES;
				CLANG_WARN_OBJC_IMPLICIT_RETAIN_SELF = YES;
				CLANG_WARN_OBJC_LITERAL_CONVERSION = YES;
				CLANG_WARN_OBJC_ROOT_CLASS = YES_ERROR;
				CLANG_WARN_QUOTED_INCLUDE_IN_FRAMEWORK_HEADER = YES;
				CLANG_WARN_RANGE_LOOP_ANALYSIS = YES;
				CLANG_WARN_STRICT_PROTOTYPES = YES;
				CLANG_WARN_SUSPICIOUS_MOVE = YES;
				CLANG_WARN_UNGUARDED_AVAILABILITY = YES_AGGRESSIVE;
				CLANG_WARN_UNREACHABLE_CODE = YES;
				CLANG_WARN__DUPLICATE_METHOD_MATCH = YES;
				COPY_PHASE_STRIP = NO;
				DEBUG_INFORMATION_FORMAT = dwarf;
				ENABLE_STRICT_OBJC_MSGSEND = YES;
				ENABLE_TESTABILITY = YES;
				GCC_C_LANGUAGE_STANDARD = gnu11;
				GCC_DYNAMIC_NO_PIC = NO;
				GCC_NO_COMMON_BLOCKS = YES;
				GCC_OPTIMIZATION_LEVEL = 0;
				GCC_PREPROCESSOR_DEFINITIONS = (
					"DEBUG=1",
					"$(inherited)",
				);
				GCC_WARN_64_TO_32_BIT_CONVERSION = YES;
				GCC_WARN_ABOUT_RETURN_TYPE = YES_ERROR;
				GCC_WARN_UNDECLARED_SELECTOR = YES;
				GCC_WARN_UNINITIALIZED_AUTOS = YES_AGGRESSIVE;
				GCC_WARN_UNUSED_FUNCTION = YES;
				GCC_WARN_UNUSED_VARIABLE = YES;
				IPHONEOS_DEPLOYMENT_TARGET = 15.5;
				MTL_ENABLE_DEBUG_INFO = INCLUDE_SOURCE;
				MTL_FAST_MATH = YES;
				ONLY_ACTIVE_ARCH = YES;
				SDKROOT = iphoneos;
				SWIFT_ACTIVE_COMPILATION_CONDITIONS = DEBUG;
				SWIFT_OPTIMIZATION_LEVEL = "-Onone";
			};
			name = Debug;
		};
		9257093328874F2D007A2D52 /* Release */ = {
			isa = XCBuildConfiguration;
			buildSettings = {
				ALWAYS_SEARCH_USER_PATHS = NO;
				CLANG_ANALYZER_NONNULL = YES;
				CLANG_ANALYZER_NUMBER_OBJECT_CONVERSION = YES_AGGRESSIVE;
				CLANG_CXX_LANGUAGE_STANDARD = "gnu++17";
				CLANG_ENABLE_MODULES = YES;
				CLANG_ENABLE_OBJC_ARC = YES;
				CLANG_ENABLE_OBJC_WEAK = YES;
				CLANG_WARN_BLOCK_CAPTURE_AUTORELEASING = YES;
				CLANG_WARN_BOOL_CONVERSION = YES;
				CLANG_WARN_COMMA = YES;
				CLANG_WARN_CONSTANT_CONVERSION = YES;
				CLANG_WARN_DEPRECATED_OBJC_IMPLEMENTATIONS = YES;
				CLANG_WARN_DIRECT_OBJC_ISA_USAGE = YES_ERROR;
				CLANG_WARN_DOCUMENTATION_COMMENTS = YES;
				CLANG_WARN_EMPTY_BODY = YES;
				CLANG_WARN_ENUM_CONVERSION = YES;
				CLANG_WARN_INFINITE_RECURSION = YES;
				CLANG_WARN_INT_CONVERSION = YES;
				CLANG_WARN_NON_LITERAL_NULL_CONVERSION = YES;
				CLANG_WARN_OBJC_IMPLICIT_RETAIN_SELF = YES;
				CLANG_WARN_OBJC_LITERAL_CONVERSION = YES;
				CLANG_WARN_OBJC_ROOT_CLASS = YES_ERROR;
				CLANG_WARN_QUOTED_INCLUDE_IN_FRAMEWORK_HEADER = YES;
				CLANG_WARN_RANGE_LOOP_ANALYSIS = YES;
				CLANG_WARN_STRICT_PROTOTYPES = YES;
				CLANG_WARN_SUSPICIOUS_MOVE = YES;
				CLANG_WARN_UNGUARDED_AVAILABILITY = YES_AGGRESSIVE;
				CLANG_WARN_UNREACHABLE_CODE = YES;
				CLANG_WARN__DUPLICATE_METHOD_MATCH = YES;
				COPY_PHASE_STRIP = NO;
				DEBUG_INFORMATION_FORMAT = "dwarf-with-dsym";
				ENABLE_NS_ASSERTIONS = NO;
				ENABLE_STRICT_OBJC_MSGSEND = YES;
				GCC_C_LANGUAGE_STANDARD = gnu11;
				GCC_NO_COMMON_BLOCKS = YES;
				GCC_WARN_64_TO_32_BIT_CONVERSION = YES;
				GCC_WARN_ABOUT_RETURN_TYPE = YES_ERROR;
				GCC_WARN_UNDECLARED_SELECTOR = YES;
				GCC_WARN_UNINITIALIZED_AUTOS = YES_AGGRESSIVE;
				GCC_WARN_UNUSED_FUNCTION = YES;
				GCC_WARN_UNUSED_VARIABLE = YES;
				IPHONEOS_DEPLOYMENT_TARGET = 15.5;
				MTL_ENABLE_DEBUG_INFO = NO;
				MTL_FAST_MATH = YES;
				SDKROOT = iphoneos;
				SWIFT_COMPILATION_MODE = wholemodule;
				SWIFT_OPTIMIZATION_LEVEL = "-O";
				VALIDATE_PRODUCT = YES;
			};
			name = Release;
		};
		9257093528874F2D007A2D52 /* Debug */ = {
			isa = XCBuildConfiguration;
			buildSettings = {
				ASSETCATALOG_COMPILER_APPICON_NAME = AppIcon;
				ASSETCATALOG_COMPILER_GLOBAL_ACCENT_COLOR_NAME = AccentColor;
				CODE_SIGN_STYLE = Automatic;
				CURRENT_PROJECT_VERSION = 1;
				DEVELOPMENT_TEAM = F9GT58ZN6L;
				GENERATE_INFOPLIST_FILE = YES;
				INFOPLIST_FILE = "Clean Clothing/Info.plist";
				INFOPLIST_KEY_UIApplicationSupportsIndirectInputEvents = YES;
				INFOPLIST_KEY_UILaunchStoryboardName = LaunchScreen;
				INFOPLIST_KEY_UIMainStoryboardFile = Main;
				INFOPLIST_KEY_UISupportedInterfaceOrientations_iPad = "UIInterfaceOrientationPortrait UIInterfaceOrientationPortraitUpsideDown UIInterfaceOrientationLandscapeLeft UIInterfaceOrientationLandscapeRight";
				INFOPLIST_KEY_UISupportedInterfaceOrientations_iPhone = "UIInterfaceOrientationPortrait UIInterfaceOrientationLandscapeLeft UIInterfaceOrientationLandscapeRight";
				LD_RUNPATH_SEARCH_PATHS = (
					"$(inherited)",
					"@executable_path/Frameworks",
				);
				MARKETING_VERSION = 1.0;
				PRODUCT_BUNDLE_IDENTIFIER = "KWK3.3.Clean-Clothing";
				PRODUCT_NAME = "$(TARGET_NAME)";
				SWIFT_EMIT_LOC_STRINGS = YES;
				SWIFT_VERSION = 5.0;
				TARGETED_DEVICE_FAMILY = "1,2";
			};
			name = Debug;
		};
		9257093628874F2D007A2D52 /* Release */ = {
			isa = XCBuildConfiguration;
			buildSettings = {
				ASSETCATALOG_COMPILER_APPICON_NAME = AppIcon;
				ASSETCATALOG_COMPILER_GLOBAL_ACCENT_COLOR_NAME = AccentColor;
				CODE_SIGN_STYLE = Automatic;
				CURRENT_PROJECT_VERSION = 1;
				DEVELOPMENT_TEAM = F9GT58ZN6L;
				GENERATE_INFOPLIST_FILE = YES;
				INFOPLIST_FILE = "Clean Clothing/Info.plist";
				INFOPLIST_KEY_UIApplicationSupportsIndirectInputEvents = YES;
				INFOPLIST_KEY_UILaunchStoryboardName = LaunchScreen;
				INFOPLIST_KEY_UIMainStoryboardFile = Main;
				INFOPLIST_KEY_UISupportedInterfaceOrientations_iPad = "UIInterfaceOrientationPortrait UIInterfaceOrientationPortraitUpsideDown UIInterfaceOrientationLandscapeLeft UIInterfaceOrientationLandscapeRight";
				INFOPLIST_KEY_UISupportedInterfaceOrientations_iPhone = "UIInterfaceOrientationPortrait UIInterfaceOrientationLandscapeLeft UIInterfaceOrientationLandscapeRight";
				LD_RUNPATH_SEARCH_PATHS = (
					"$(inherited)",
					"@executable_path/Frameworks",
				);
				MARKETING_VERSION = 1.0;
				PRODUCT_BUNDLE_IDENTIFIER = "KWK3.3.Clean-Clothing";
				PRODUCT_NAME = "$(TARGET_NAME)";
				SWIFT_EMIT_LOC_STRINGS = YES;
				SWIFT_VERSION = 5.0;
				TARGETED_DEVICE_FAMILY = "1,2";
			};
			name = Release;
		};
/* End XCBuildConfiguration section */

/* Begin XCConfigurationList section */
		9257091828874F2B007A2D52 /* Build configuration list for PBXProject "Clean Clothing" */ = {
			isa = XCConfigurationList;
			buildConfigurations = (
				9257093228874F2D007A2D52 /* Debug */,
				9257093328874F2D007A2D52 /* Release */,
			);
			defaultConfigurationIsVisible = 0;
			defaultConfigurationName = Release;
		};
		9257093428874F2D007A2D52 /* Build configuration list for PBXNativeTarget "Clean Clothing" */ = {
			isa = XCConfigurationList;
			buildConfigurations = (
				9257093528874F2D007A2D52 /* Debug */,
				9257093628874F2D007A2D52 /* Release */,
			);
			defaultConfigurationIsVisible = 0;
			defaultConfigurationName = Release;
		};
/* End XCConfigurationList section */

/* Begin XCVersionGroup section */
		9257092928874F2B007A2D52 /* Clean_Clothing.xcdatamodeld */ = {
			isa = XCVersionGroup;
			children = (
				9257092A28874F2B007A2D52 /* Clean_Clothing.xcdatamodel */,
			);
			currentVersion = 9257092A28874F2B007A2D52 /* Clean_Clothing.xcdatamodel */;
			path = Clean_Clothing.xcdatamodeld;
			sourceTree = "<group>";
			versionGroupType = wrapper.xcdatamodel;
		};
/* End XCVersionGroup section */
	};
	rootObject = 9257091528874F2B007A2D52 /* Project object */;
}
